
Microsoft Visual Studio Solution File, Format Version 12.00
# Visual Studio Version 17
VisualStudioVersion = 17.3.32929.385
MinimumVisualStudioVersion = 10.0.40219.1
Project("{FAE04EC0-301F-11D3-BF4B-00C04F79EFBC}") = "NEA mini", "NEA mini\NEA mini.csproj", "{8B6AAF8E-FDB4-42B1-B1A3-573B8C144736}"
EndProject
Global
	GlobalSection(SolutionConfigurationPlatforms) = preSolution
		Debug|Any CPU = Debug|Any CPU
		Release|Any CPU = Release|Any CPU
	EndGlobalSection
	GlobalSection(ProjectConfigurationPlatforms) = postSolution
		{8B6AAF8E-FDB4-42B1-B1A3-573B8C144736}.Debug|Any CPU.ActiveCfg = Debug|Any CPU
		{8B6AAF8E-FDB4-42B1-B1A3-573B8C144736}.Debug|Any CPU.Build.0 = Debug|Any CPU
		{8B6AAF8E-FDB4-42B1-B1A3-573B8C144736}.Release|Any CPU.ActiveCfg = Release|Any CPU
		{8B6AAF8E-FDB4-42B1-B1A3-573B8C144736}.Release|Any CPU.Build.0 = Release|Any CPU
	EndGlobalSection
	GlobalSection(SolutionProperties) = preSolution
		HideSolutionNode = FALSE
	EndGlobalSection
	GlobalSection(ExtensibilityGlobals) = postSolution
		SolutionGuid = {F785EE5D-48A0-43CE-B1FF-C32F6228C28E}
	EndGlobalSection
EndGlobal
